
Microsoft Visual Studio Solution File, Format Version 12.00
# Visual Studio Version 17
VisualStudioVersion = 17.0.32112.339
MinimumVisualStudioVersion = 10.0.40219.1
Project("{FAE04EC0-301F-11D3-BF4B-00C04F79EFBC}") = "CommonTranslate", "CommonTranslate.csproj", "{B28840B3-45BA-47C9-921C-293540EB0666}"
EndProject
Global
	GlobalSection(SolutionConfigurationPlatforms) = preSolution
		Debug|Any CPU = Debug|Any CPU
		Release|Any CPU = Release|Any CPU
	EndGlobalSection
	GlobalSection(ProjectConfigurationPlatforms) = postSolution
		{B28840B3-45BA-47C9-921C-293540EB0666}.Debug|Any CPU.ActiveCfg = Debug|Any CPU
		{B28840B3-45BA-47C9-921C-293540EB0666}.Debug|Any CPU.Build.0 = Debug|Any CPU
		{B28840B3-45BA-47C9-921C-293540EB0666}.Release|Any CPU.ActiveCfg = Release|Any CPU
		{B28840B3-45BA-47C9-921C-293540EB0666}.Release|Any CPU.Build.0 = Release|Any CPU
	EndGlobalSection
	GlobalSection(SolutionProperties) = preSolution
		HideSolutionNode = FALSE
	EndGlobalSection
	GlobalSection(ExtensibilityGlobals) = postSolution
		SolutionGuid = {3BAC6BF1-C198-4AFE-86D7-FDE2F9E30DB9}
	EndGlobalSection
EndGlobal
